
Microsoft Visual Studio Solution File, Format Version 12.00
# Visual Studio Version 16
VisualStudioVersion = 16.0.29102.190
MinimumVisualStudioVersion = 10.0.40219.1
Project("{9A19103F-16F7-4668-BE54-9A1E7A4F7556}") = "FeeforFreedom", "FeeforFreedom.csproj", "{678C194D-F8C2-46C8-AC3C-653C5098057C}"
EndProject
Project("{9A19103F-16F7-4668-BE54-9A1E7A4F7556}") = "HelperLibrary", "..\HelperLibrary\HelperLibrary.csproj", "{392107B5-D562-4ACF-86D7-42DC3271D82E}"
EndProject
Global
	GlobalSection(SolutionConfigurationPlatforms) = preSolution
		Debug|Any CPU = Debug|Any CPU
		Release|Any CPU = Release|Any CPU
	EndGlobalSection
	GlobalSection(ProjectConfigurationPlatforms) = postSolution
		{678C194D-F8C2-46C8-AC3C-653C5098057C}.Debug|Any CPU.ActiveCfg = Debug|Any CPU
		{678C194D-F8C2-46C8-AC3C-653C5098057C}.Debug|Any CPU.Build.0 = Debug|Any CPU
		{678C194D-F8C2-46C8-AC3C-653C5098057C}.Release|Any CPU.ActiveCfg = Release|Any CPU
		{678C194D-F8C2-46C8-AC3C-653C5098057C}.Release|Any CPU.Build.0 = Release|Any CPU
		{392107B5-D562-4ACF-86D7-42DC3271D82E}.Debug|Any CPU.ActiveCfg = Debug|Any CPU
		{392107B5-D562-4ACF-86D7-42DC3271D82E}.Debug|Any CPU.Build.0 = Debug|Any CPU
		{392107B5-D562-4ACF-86D7-42DC3271D82E}.Release|Any CPU.ActiveCfg = Release|Any CPU
		{392107B5-D562-4ACF-86D7-42DC3271D82E}.Release|Any CPU.Build.0 = Release|Any CPU
	EndGlobalSection
	GlobalSection(SolutionProperties) = preSolution
		HideSolutionNode = FALSE
	EndGlobalSection
	GlobalSection(ExtensibilityGlobals) = postSolution
		SolutionGuid = {7D9A8C4F-F25F-4B4C-8C26-62A2B962214D}
	EndGlobalSection
EndGlobal
